<?xml version="1.0" encoding="utf-8"?>
<Project ToolsVersion="4.0" xmlns="http://schemas.microsoft.com/developer/msbuild/2003">
  <ItemGroup>
    <Filter Include="Source Files">
      <UniqueIdentifier>{4FC737F1-C7A5-4376-A066-2A32D752A2FF}</UniqueIdentifier>
      <Extensions>cpp;c;cc;cxx;def;odl;idl;hpj;bat;asm;asmx</Extensions>
    </Filter>
    <Filter Include="Header Files">
      <UniqueIdentifier>{93995380-89BD-4b04-88EB-625FBE52EBFB}</UniqueIdentifier>
      <Extensions>h;hh;hpp;hxx;hm;inl;inc;xsd</Extensions>
    </Filter>
    <Filter Include="Resource Files">
      <UniqueIdentifier>{67DA6AB6-F800-4c08-8B7A-83BB121AAD01}</UniqueIdentifier>
      <Extensions>rc;ico;cur;bmp;dlg;rc2;rct;bin;rgs;gif;jpg;jpeg;jpe;resx;tiff;tif;png;wav;mfcribbon-ms</Extensions>
    </Filter>
    <Filter Include="Header Files\States">
      <UniqueIdentifier>{ca6fd7ec-2433-47af-a872-667e8fb02443}</UniqueIdentifier>
    </Filter>
    <Filter Include="Header Files\Helpers">
      <UniqueIdentifier>{aed275e0-b4ca-4df7-9ce0-dd558765bd58}</UniqueIdentifier>
    </Filter>
    <Filter Include="Source Files\UIComponents">
      <UniqueIdentifier>{95ae12e9-20e9-4852-8d6a-fc53c8ca331a}</UniqueIdentifier>
    </Filter>
    <Filter Include="Header Files\UIComponents">
      <UniqueIdentifier>{47ec0cd7-48cb-4661-930e-f7df15baae13}</UniqueIdentifier>
    </Filter>
    <Filter Include="Source Files\States">
      <UniqueIdentifier>{a229fd78-8938-4f59-8c3b-25735eccca07}</UniqueIdentifier>
    </Filter>
    <Filter Include="Source Files\Helpers">
      <UniqueIdentifier>{bb88cc5c-4e6d-44dc-8355-29144875dcb0}</UniqueIdentifier>
    </Filter>
    <Filter Include="Header Files\DrawComponents">
      <UniqueIdentifier>{134abcca-f40f-404f-acf3-599e6cdb5e4e}</UniqueIdentifier>
    </Filter>
    <Filter Include="Source Files\DrawComponents">
      <UniqueIdentifier>{16412086-71f1-4525-97c5-89c0042c7d3d}</UniqueIdentifier>
    </Filter>
    <Filter Include="Header Files\Game">
      <UniqueIdentifier>{a9352647-3551-4c35-b772-dccf4af1bcc4}</UniqueIdentifier>
    </Filter>
    <Filter Include="Source Files\Game">
      <UniqueIdentifier>{5ad3c763-d7f2-4ff2-80e4-573b900b53d7}</UniqueIdentifier>
    </Filter>
  </ItemGroup>
  <ItemGroup>
    <None Include="packages.config" />
  </ItemGroup>
  <ItemGroup>
    <ClCompile Include="main.cpp">
      <Filter>Source Files</Filter>
    </ClCompile>
    <ClCompile Include="mainWindows.cpp">
      <Filter>Source Files</Filter>
    </ClCompile>
    <ClCompile Include="sfWindow.cpp">
      <Filter>Source Files</Filter>
    </ClCompile>
    <ClCompile Include="App.cpp">
      <Filter>Source Files</Filter>
    </ClCompile>
    <ClCompile Include="Button.cpp">
      <Filter>Source Files\UIComponents</Filter>
    </ClCompile>
    <ClCompile Include="IUIComponent.cpp">
      <Filter>Source Files\UIComponents</Filter>
    </ClCompile>
    <ClCompile Include="MenuState.cpp">
      <Filter>Source Files\States</Filter>
    </ClCompile>
    <ClCompile Include="EmptyState.cpp">
      <Filter>Source Files\States</Filter>
    </ClCompile>
    <ClCompile Include="LobbyState.cpp">
      <Filter>Source Files\States</Filter>
    </ClCompile>
    <ClCompile Include="FontLib.cpp">
      <Filter>Source Files\Helpers</Filter>
    </ClCompile>
    <ClCompile Include="Palette.cpp">
      <Filter>Source Files\Helpers</Filter>
    </ClCompile>
    <ClCompile Include="ScreenHelper.cpp">
      <Filter>Source Files\Helpers</Filter>
    </ClCompile>
    <ClCompile Include="AState.cpp">
      <Filter>Source Files\States</Filter>
    </ClCompile>
    <ClCompile Include="Label.cpp">
      <Filter>Source Files\UIComponents</Filter>
    </ClCompile>
    <ClCompile Include="InputField.cpp">
      <Filter>Source Files\UIComponents</Filter>
    </ClCompile>
    <ClCompile Include="ScrollingBack.cpp">
      <Filter>Source Files\DrawComponents</Filter>
    </ClCompile>
    <ClCompile Include="GameState.cpp">
      <Filter>Source Files\States</Filter>
    </ClCompile>
    <ClCompile Include="SelectionState.cpp">
      <Filter>Source Files\States</Filter>
    </ClCompile>
    <ClCompile Include="CreationState.cpp">
      <Filter>Source Files\States</Filter>
    </ClCompile>
    <ClCompile Include="ReadyState.cpp">
      <Filter>Source Files\States</Filter>
    </ClCompile>
    <ClCompile Include="Entity.cpp">
      <Filter>Source Files\DrawComponents</Filter>
    </ClCompile>
    <ClCompile Include="PlayerController.cpp">
      <Filter>Source Files\Game</Filter>
    </ClCompile>
    <ClCompile Include="Jukebox.cpp">
      <Filter>Source Files\Helpers</Filter>
    </ClCompile>
  </ItemGroup>
  <ItemGroup>
    <ClInclude Include="IWindow.hpp">
      <Filter>Header Files</Filter>
    </ClInclude>
    <ClInclude Include="Sprite.hpp">
      <Filter>Header Files</Filter>
    </ClInclude>
    <ClInclude Include="sfWindow.hpp">
      <Filter>Header Files</Filter>
    </ClInclude>
    <ClInclude Include="App.hpp">
      <Filter>Header Files</Filter>
    </ClInclude>
    <ClInclude Include="Button.hpp">
      <Filter>Header Files\UIComponents</Filter>
    </ClInclude>
    <ClInclude Include="Label.hpp">
      <Filter>Header Files\UIComponents</Filter>
    </ClInclude>
    <ClInclude Include="IUIComponent.hpp">
      <Filter>Header Files\UIComponents</Filter>
    </ClInclude>
    <ClInclude Include="EmptyState.hpp">
      <Filter>Header Files\States</Filter>
    </ClInclude>
    <ClInclude Include="AState.hpp">
      <Filter>Header Files\States</Filter>
    </ClInclude>
    <ClInclude Include="LobbyState.hpp">
      <Filter>Header Files\States</Filter>
    </ClInclude>
    <ClInclude Include="MenuState.hpp">
      <Filter>Header Files\States</Filter>
    </ClInclude>
    <ClInclude Include="IState.hpp">
      <Filter>Header Files\States</Filter>
    </ClInclude>
    <ClInclude Include="FontLib.hpp">
      <Filter>Header Files\Helpers</Filter>
    </ClInclude>
    <ClInclude Include="Palette.hpp">
      <Filter>Header Files\Helpers</Filter>
    </ClInclude>
    <ClInclude Include="ScreenHelper.hpp">
      <Filter>Header Files\Helpers</Filter>
    </ClInclude>
    <ClInclude Include="InputField.hpp">
      <Filter>Header Files\UIComponents</Filter>
    </ClInclude>
    <ClInclude Include="UITools.hpp">
      <Filter>Header Files\UIComponents</Filter>
    </ClInclude>
    <ClInclude Include="IDrawable.hpp">
      <Filter>Header Files\DrawComponents</Filter>
    </ClInclude>
    <ClInclude Include="ScrollingBack.hpp">
      <Filter>Header Files\DrawComponents</Filter>
    </ClInclude>
    <ClInclude Include="SelectionState.hpp">
      <Filter>Header Files\States</Filter>
    </ClInclude>
    <ClInclude Include="GameState.hpp">
      <Filter>Header Files\States</Filter>
    </ClInclude>
    <ClInclude Include="CreationState.hpp">
      <Filter>Header Files\States</Filter>
    </ClInclude>
    <ClInclude Include="ReadyState.hpp">
      <Filter>Header Files\States</Filter>
    </ClInclude>
    <ClInclude Include="Entity.hpp">
      <Filter>Header Files\DrawComponents</Filter>
    </ClInclude>
    <ClInclude Include="PlayerController.hpp">
      <Filter>Header Files\Game</Filter>
    </ClInclude>
    <ClInclude Include="Jukebox.hpp">
      <Filter>Header Files\Helpers</Filter>
    </ClInclude>
  </ItemGroup>
</Project>