<?xml version="1.0" encoding="utf-8"?>
<Project ToolsVersion="4.0" xmlns="http://schemas.microsoft.com/developer/msbuild/2003">
  <ItemGroup>
    <Filter Include="Source Files">
      <UniqueIdentifier>{4FC737F1-C7A5-4376-A066-2A32D752A2FF}</UniqueIdentifier>
      <Extensions>cpp;c;cc;cxx;def;odl;idl;hpj;bat;asm;asmx</Extensions>
    </Filter>
    <Filter Include="Header Files">
      <UniqueIdentifier>{93995380-89BD-4b04-88EB-625FBE52EBFB}</UniqueIdentifier>
      <Extensions>h;hh;hpp;hxx;hm;inl;inc;xsd</Extensions>
    </Filter>
    <Filter Include="Resource Files">
      <UniqueIdentifier>{67DA6AB6-F800-4c08-8B7A-83BB121AAD01}</UniqueIdentifier>
      <Extensions>rc;ico;cur;bmp;dlg;rc2;rct;bin;rgs;gif;jpg;jpeg;jpe;resx;tiff;tif;png;wav;mfcribbon-ms</Extensions>
    </Filter>
    <Filter Include="Header Files\States">
      <UniqueIdentifier>{ca6fd7ec-2433-47af-a872-667e8fb02443}</UniqueIdentifier>
    </Filter>
    <Filter Include="Header Files\Helpers">
      <UniqueIdentifier>{aed275e0-b4ca-4df7-9ce0-dd558765bd58}</UniqueIdentifier>
    </Filter>
    <Filter Include="Source Files\UIComponents">
      <UniqueIdentifier>{95ae12e9-20e9-4852-8d6a-fc53c8ca331a}</UniqueIdentifier>
    </Filter>
    <Filter Include="Header Files\UIComponents">
      <UniqueIdentifier>{47ec0cd7-48cb-4661-930e-f7df15baae13}</UniqueIdentifier>
    </Filter>
    <Filter Include="Source Files\States">
      <UniqueIdentifier>{a229fd78-8938-4f59-8c3b-25735eccca07}</UniqueIdentifier>
    </Filter>
    <Filter Include="Source Files\Helpers">
      <UniqueIdentifier>{bb88cc5c-4e6d-44dc-8355-29144875dcb0}</UniqueIdentifier>
    </Filter>
    <Filter Include="Header Files\DrawComponents">
      <UniqueIdentifier>{134abcca-f40f-404f-acf3-599e6cdb5e4e}</UniqueIdentifier>
    </Filter>
    <Filter Include="Source Files\DrawComponents">
      <UniqueIdentifier>{16412086-71f1-4525-97c5-89c0042c7d3d}</UniqueIdentifier>
    </Filter>
    <Filter Include="Header Files\Game">
      <UniqueIdentifier>{a9352647-3551-4c35-b772-dccf4af1bcc4}</UniqueIdentifier>
    </Filter>
    <Filter Include="Source Files\Game">
      <UniqueIdentifier>{5ad3c763-d7f2-4ff2-80e4-573b900b53d7}</UniqueIdentifier>
    </Filter>
    <Filter Include="Source Files\Network">
      <UniqueIdentifier>{942cba9b-bf0a-4a5d-9c62-de4eec746021}</UniqueIdentifier>
    </Filter>
    <Filter Include="Source Files\Network\Socket">
      <UniqueIdentifier>{4f97e39f-c48f-4bca-9b46-1b6ec08c2abd}</UniqueIdentifier>
    </Filter>
    <Filter Include="Header Files\Network">
      <UniqueIdentifier>{035014f1-0dfd-47b6-bcf4-8c47250d90a8}</UniqueIdentifier>
    </Filter>
    <Filter Include="Header Files\Network\Socket">
      <UniqueIdentifier>{b389bf29-256a-405e-96d8-d2dfc1d0f3a6}</UniqueIdentifier>
    </Filter>
    <Filter Include="Header Files\Network\Raw">
      <UniqueIdentifier>{661d8bf4-b72c-43a6-8f8a-5670b89f588a}</UniqueIdentifier>
    </Filter>
    <Filter Include="Source Files\Network\Raw">
      <UniqueIdentifier>{81961c84-0248-474e-aced-ff9633abe8ca}</UniqueIdentifier>
    </Filter>
    <Filter Include="Header Files\IONetwork">
      <UniqueIdentifier>{eace1e80-e18c-46ee-8ebc-43b318be2673}</UniqueIdentifier>
    </Filter>
    <Filter Include="Source Files\IONetwork">
      <UniqueIdentifier>{4d15157b-bb3b-4df1-95ea-8f9164466448}</UniqueIdentifier>
    </Filter>
    <Filter Include="Source Files\Protocol">
      <UniqueIdentifier>{616f8a5b-2c41-4c35-9040-e0bb84703ba4}</UniqueIdentifier>
    </Filter>
    <Filter Include="Header Files\Protocol">
      <UniqueIdentifier>{d6dce486-592b-458b-9653-f06fe5d3c2b1}</UniqueIdentifier>
    </Filter>
  </ItemGroup>
  <ItemGroup>
    <None Include="packages.config" />
  </ItemGroup>
  <ItemGroup>
    <ClCompile Include="main.cpp">
      <Filter>Source Files</Filter>
    </ClCompile>
    <ClCompile Include="mainWindows.cpp">
      <Filter>Source Files</Filter>
    </ClCompile>
    <ClCompile Include="App.cpp">
      <Filter>Source Files</Filter>
    </ClCompile>
    <ClCompile Include="Button.cpp">
      <Filter>Source Files\UIComponents</Filter>
    </ClCompile>
    <ClCompile Include="IUIComponent.cpp">
      <Filter>Source Files\UIComponents</Filter>
    </ClCompile>
    <ClCompile Include="MenuState.cpp">
      <Filter>Source Files\States</Filter>
    </ClCompile>
    <ClCompile Include="EmptyState.cpp">
      <Filter>Source Files\States</Filter>
    </ClCompile>
    <ClCompile Include="LobbyState.cpp">
      <Filter>Source Files\States</Filter>
    </ClCompile>
    <ClCompile Include="FontLib.cpp">
      <Filter>Source Files\Helpers</Filter>
    </ClCompile>
    <ClCompile Include="Palette.cpp">
      <Filter>Source Files\Helpers</Filter>
    </ClCompile>
    <ClCompile Include="ScreenHelper.cpp">
      <Filter>Source Files\Helpers</Filter>
    </ClCompile>
    <ClCompile Include="AState.cpp">
      <Filter>Source Files\States</Filter>
    </ClCompile>
    <ClCompile Include="Label.cpp">
      <Filter>Source Files\UIComponents</Filter>
    </ClCompile>
    <ClCompile Include="InputField.cpp">
      <Filter>Source Files\UIComponents</Filter>
    </ClCompile>
    <ClCompile Include="ScrollingBack.cpp">
      <Filter>Source Files\DrawComponents</Filter>
    </ClCompile>
    <ClCompile Include="GameState.cpp">
      <Filter>Source Files\States</Filter>
    </ClCompile>
    <ClCompile Include="SelectionState.cpp">
      <Filter>Source Files\States</Filter>
    </ClCompile>
    <ClCompile Include="CreationState.cpp">
      <Filter>Source Files\States</Filter>
    </ClCompile>
    <ClCompile Include="ReadyState.cpp">
      <Filter>Source Files\States</Filter>
    </ClCompile>
    <ClCompile Include="Entity.cpp">
      <Filter>Source Files\DrawComponents</Filter>
    </ClCompile>
    <ClCompile Include="PlayerController.cpp">
      <Filter>Source Files\Game</Filter>
    </ClCompile>
    <ClCompile Include="Jukebox.cpp">
      <Filter>Source Files\Helpers</Filter>
    </ClCompile>
    <ClCompile Include="MobLib.cpp">
      <Filter>Source Files\Helpers</Filter>
    </ClCompile>
    <ClCompile Include="Client.cpp">
      <Filter>Source Files\Network\Socket</Filter>
    </ClCompile>
    <ClCompile Include="Server.cpp">
      <Filter>Source Files\Network\Socket</Filter>
    </ClCompile>
    <ClCompile Include="ARawClient.cpp">
      <Filter>Source Files\Network\Raw</Filter>
    </ClCompile>
    <ClCompile Include="ARawServer.cpp">
      <Filter>Source Files\Network\Raw</Filter>
    </ClCompile>
    <ClCompile Include="TcpEvent.cpp">
      <Filter>Source Files\Protocol</Filter>
    </ClCompile>
    <ClCompile Include="UdpEvent.cpp">
      <Filter>Source Files\Protocol</Filter>
    </ClCompile>
    <ClCompile Include="ClientTcp.cpp">
      <Filter>Source Files\Network</Filter>
    </ClCompile>
  </ItemGroup>
  <ItemGroup>
    <ClInclude Include="IWindow.hpp">
      <Filter>Header Files</Filter>
    </ClInclude>
    <ClInclude Include="App.hpp">
      <Filter>Header Files</Filter>
    </ClInclude>
    <ClInclude Include="Button.hpp">
      <Filter>Header Files\UIComponents</Filter>
    </ClInclude>
    <ClInclude Include="Label.hpp">
      <Filter>Header Files\UIComponents</Filter>
    </ClInclude>
    <ClInclude Include="IUIComponent.hpp">
      <Filter>Header Files\UIComponents</Filter>
    </ClInclude>
    <ClInclude Include="EmptyState.hpp">
      <Filter>Header Files\States</Filter>
    </ClInclude>
    <ClInclude Include="AState.hpp">
      <Filter>Header Files\States</Filter>
    </ClInclude>
    <ClInclude Include="LobbyState.hpp">
      <Filter>Header Files\States</Filter>
    </ClInclude>
    <ClInclude Include="MenuState.hpp">
      <Filter>Header Files\States</Filter>
    </ClInclude>
    <ClInclude Include="IState.hpp">
      <Filter>Header Files\States</Filter>
    </ClInclude>
    <ClInclude Include="FontLib.hpp">
      <Filter>Header Files\Helpers</Filter>
    </ClInclude>
    <ClInclude Include="Palette.hpp">
      <Filter>Header Files\Helpers</Filter>
    </ClInclude>
    <ClInclude Include="ScreenHelper.hpp">
      <Filter>Header Files\Helpers</Filter>
    </ClInclude>
    <ClInclude Include="InputField.hpp">
      <Filter>Header Files\UIComponents</Filter>
    </ClInclude>
    <ClInclude Include="UITools.hpp">
      <Filter>Header Files\UIComponents</Filter>
    </ClInclude>
    <ClInclude Include="IDrawable.hpp">
      <Filter>Header Files\DrawComponents</Filter>
    </ClInclude>
    <ClInclude Include="ScrollingBack.hpp">
      <Filter>Header Files\DrawComponents</Filter>
    </ClInclude>
    <ClInclude Include="SelectionState.hpp">
      <Filter>Header Files\States</Filter>
    </ClInclude>
    <ClInclude Include="GameState.hpp">
      <Filter>Header Files\States</Filter>
    </ClInclude>
    <ClInclude Include="CreationState.hpp">
      <Filter>Header Files\States</Filter>
    </ClInclude>
    <ClInclude Include="ReadyState.hpp">
      <Filter>Header Files\States</Filter>
    </ClInclude>
    <ClInclude Include="Entity.hpp">
      <Filter>Header Files\DrawComponents</Filter>
    </ClInclude>
    <ClInclude Include="PlayerController.hpp">
      <Filter>Header Files\Game</Filter>
    </ClInclude>
    <ClInclude Include="Jukebox.hpp">
      <Filter>Header Files\Helpers</Filter>
    </ClInclude>
    <ClInclude Include="MobLib.hpp">
      <Filter>Header Files\Helpers</Filter>
    </ClInclude>
    <ClInclude Include="Client.hpp">
      <Filter>Header Files\Network\Socket</Filter>
    </ClInclude>
    <ClInclude Include="Server.hpp">
      <Filter>Header Files\Network\Socket</Filter>
    </ClInclude>
    <ClInclude Include="SocketErrors.hpp">
      <Filter>Header Files\Network\Socket</Filter>
    </ClInclude>
    <ClInclude Include="Sockets.hpp">
      <Filter>Header Files\Network\Socket</Filter>
    </ClInclude>
    <ClInclude Include="ARawClient.hpp">
      <Filter>Header Files\Network\Raw</Filter>
    </ClInclude>
    <ClInclude Include="ARawServer.hpp">
      <Filter>Header Files\Network\Raw</Filter>
    </ClInclude>
    <ClInclude Include="IRawClient.hpp">
      <Filter>Header Files\Network\Raw</Filter>
    </ClInclude>
    <ClInclude Include="IRawServer.hpp">
      <Filter>Header Files\Network\Raw</Filter>
    </ClInclude>
    <ClInclude Include="IONetworkManager.hpp">
      <Filter>Header Files\IONetwork</Filter>
    </ClInclude>
    <ClInclude Include="IPacketReader.hpp">
      <Filter>Header Files\IONetwork</Filter>
    </ClInclude>
    <ClInclude Include="ISerializer.hpp">
      <Filter>Header Files\IONetwork</Filter>
    </ClInclude>
    <ClInclude Include="RtypePacketReader.hpp">
      <Filter>Header Files\IONetwork</Filter>
    </ClInclude>
    <ClInclude Include="RtypeSerializer.hpp">
      <Filter>Header Files\IONetwork</Filter>
    </ClInclude>
    <ClInclude Include="IEvent.hpp">
      <Filter>Header Files\Protocol</Filter>
    </ClInclude>
    <ClInclude Include="TcpEvent.hpp">
      <Filter>Header Files\Protocol</Filter>
    </ClInclude>
    <ClInclude Include="UdpEvent.hpp">
      <Filter>Header Files\Protocol</Filter>
    </ClInclude>
    <ClInclude Include="Protocol.h">
      <Filter>Header Files\Protocol</Filter>
    </ClInclude>
    <ClInclude Include="ClientTcp.hpp">
      <Filter>Header Files\Network</Filter>
    </ClInclude>
    <ClInclude Include="ClientErrors.hpp">
      <Filter>Header Files\Network</Filter>
    </ClInclude>
  </ItemGroup>
</Project>