Microsoft Visual Studio Solution File, Format Version 12.00
# Visual Studio 14
Project("{8BC9CEB8-8B4A-11D0-8D11-00A0C91BC942}") = "ALL_BUILD", "ALL_BUILD.vcxproj", "{BCD7B263-5AB6-32CE-BC5E-5FAF43475CEB}"
	ProjectSection(ProjectDependencies) = postProject
		{4566AF47-5EE2-361E-9AC5-C3A069E781CF} = {4566AF47-5EE2-361E-9AC5-C3A069E781CF}
		{D76A335C-2CDC-3871-9A78-E9D8D7BF5FEB} = {D76A335C-2CDC-3871-9A78-E9D8D7BF5FEB}
		{5695D7D5-DFFB-35A4-A5CA-9447271F320F} = {5695D7D5-DFFB-35A4-A5CA-9447271F320F}
		{B50E1CD9-69BF-376A-87B7-8D49A4AF189F} = {B50E1CD9-69BF-376A-87B7-8D49A4AF189F}
		{45685668-0AB6-31EC-A0FE-06A2171AD271} = {45685668-0AB6-31EC-A0FE-06A2171AD271}
		{EA381517-303E-3803-8CE5-D1FDC6F4FEF7} = {EA381517-303E-3803-8CE5-D1FDC6F4FEF7}
		{924B5AEA-8A05-3DEC-8FB2-793F36DDAE45} = {924B5AEA-8A05-3DEC-8FB2-793F36DDAE45}
		{4144662F-9976-33AF-A777-3DBD286B1E2E} = {4144662F-9976-33AF-A777-3DBD286B1E2E}
		{BD12B4C1-EDB3-34F1-9FDD-E441FD51DE71} = {BD12B4C1-EDB3-34F1-9FDD-E441FD51DE71}
		{7BB8FB68-5815-30FE-AB5F-E39B9C77DA1F} = {7BB8FB68-5815-30FE-AB5F-E39B9C77DA1F}
	EndProjectSection
EndProject
Project("{8BC9CEB8-8B4A-11D0-8D11-00A0C91BC942}") = "Default", "Default.vcxproj", "{4566AF47-5EE2-361E-9AC5-C3A069E781CF}"
	ProjectSection(ProjectDependencies) = postProject
		{4144662F-9976-33AF-A777-3DBD286B1E2E} = {4144662F-9976-33AF-A777-3DBD286B1E2E}
		{7BB8FB68-5815-30FE-AB5F-E39B9C77DA1F} = {7BB8FB68-5815-30FE-AB5F-E39B9C77DA1F}
	EndProjectSection
EndProject
Project("{8BC9CEB8-8B4A-11D0-8D11-00A0C91BC942}") = "Enemy", "Enemy.vcxproj", "{D76A335C-2CDC-3871-9A78-E9D8D7BF5FEB}"
	ProjectSection(ProjectDependencies) = postProject
		{4144662F-9976-33AF-A777-3DBD286B1E2E} = {4144662F-9976-33AF-A777-3DBD286B1E2E}
		{7BB8FB68-5815-30FE-AB5F-E39B9C77DA1F} = {7BB8FB68-5815-30FE-AB5F-E39B9C77DA1F}
	EndProjectSection
EndProject
Project("{8BC9CEB8-8B4A-11D0-8D11-00A0C91BC942}") = "Enemy2", "Enemy2.vcxproj", "{5695D7D5-DFFB-35A4-A5CA-9447271F320F}"
	ProjectSection(ProjectDependencies) = postProject
		{4144662F-9976-33AF-A777-3DBD286B1E2E} = {4144662F-9976-33AF-A777-3DBD286B1E2E}
		{7BB8FB68-5815-30FE-AB5F-E39B9C77DA1F} = {7BB8FB68-5815-30FE-AB5F-E39B9C77DA1F}
	EndProjectSection
EndProject
Project("{8BC9CEB8-8B4A-11D0-8D11-00A0C91BC942}") = "Network", "Network.vcxproj", "{B50E1CD9-69BF-376A-87B7-8D49A4AF189F}"
	ProjectSection(ProjectDependencies) = postProject
		{4144662F-9976-33AF-A777-3DBD286B1E2E} = {4144662F-9976-33AF-A777-3DBD286B1E2E}
	EndProjectSection
EndProject
Project("{8BC9CEB8-8B4A-11D0-8D11-00A0C91BC942}") = "Player", "Player.vcxproj", "{45685668-0AB6-31EC-A0FE-06A2171AD271}"
	ProjectSection(ProjectDependencies) = postProject
		{4144662F-9976-33AF-A777-3DBD286B1E2E} = {4144662F-9976-33AF-A777-3DBD286B1E2E}
		{7BB8FB68-5815-30FE-AB5F-E39B9C77DA1F} = {7BB8FB68-5815-30FE-AB5F-E39B9C77DA1F}
	EndProjectSection
EndProject
Project("{8BC9CEB8-8B4A-11D0-8D11-00A0C91BC942}") = "RtypeGame", "RtypeGame.vcxproj", "{EA381517-303E-3803-8CE5-D1FDC6F4FEF7}"
	ProjectSection(ProjectDependencies) = postProject
		{4144662F-9976-33AF-A777-3DBD286B1E2E} = {4144662F-9976-33AF-A777-3DBD286B1E2E}
		{7BB8FB68-5815-30FE-AB5F-E39B9C77DA1F} = {7BB8FB68-5815-30FE-AB5F-E39B9C77DA1F}
	EndProjectSection
EndProject
Project("{8BC9CEB8-8B4A-11D0-8D11-00A0C91BC942}") = "Rtype_server_exe", "Rtype_server_exe.vcxproj", "{924B5AEA-8A05-3DEC-8FB2-793F36DDAE45}"
	ProjectSection(ProjectDependencies) = postProject
		{4144662F-9976-33AF-A777-3DBD286B1E2E} = {4144662F-9976-33AF-A777-3DBD286B1E2E}
		{7BB8FB68-5815-30FE-AB5F-E39B9C77DA1F} = {7BB8FB68-5815-30FE-AB5F-E39B9C77DA1F}
	EndProjectSection
EndProject
Project("{8BC9CEB8-8B4A-11D0-8D11-00A0C91BC942}") = "ZERO_CHECK", "ZERO_CHECK.vcxproj", "{4144662F-9976-33AF-A777-3DBD286B1E2E}"
	ProjectSection(ProjectDependencies) = postProject
	EndProjectSection
EndProject
Project("{8BC9CEB8-8B4A-11D0-8D11-00A0C91BC942}") = "rtype_client", "rtype_client.vcxproj", "{BD12B4C1-EDB3-34F1-9FDD-E441FD51DE71}"
	ProjectSection(ProjectDependencies) = postProject
		{B50E1CD9-69BF-376A-87B7-8D49A4AF189F} = {B50E1CD9-69BF-376A-87B7-8D49A4AF189F}
		{4144662F-9976-33AF-A777-3DBD286B1E2E} = {4144662F-9976-33AF-A777-3DBD286B1E2E}
	EndProjectSection
EndProject
Project("{8BC9CEB8-8B4A-11D0-8D11-00A0C91BC942}") = "rtype_server", "rtype_server.vcxproj", "{7BB8FB68-5815-30FE-AB5F-E39B9C77DA1F}"
	ProjectSection(ProjectDependencies) = postProject
		{B50E1CD9-69BF-376A-87B7-8D49A4AF189F} = {B50E1CD9-69BF-376A-87B7-8D49A4AF189F}
		{4144662F-9976-33AF-A777-3DBD286B1E2E} = {4144662F-9976-33AF-A777-3DBD286B1E2E}
	EndProjectSection
EndProject
Global
	GlobalSection(SolutionConfigurationPlatforms) = preSolution
		Debug|Win32 = Debug|Win32
		Release|Win32 = Release|Win32
		MinSizeRel|Win32 = MinSizeRel|Win32
		RelWithDebInfo|Win32 = RelWithDebInfo|Win32
	EndGlobalSection
	GlobalSection(ProjectConfigurationPlatforms) = postSolution
		{BCD7B263-5AB6-32CE-BC5E-5FAF43475CEB}.Debug|Win32.ActiveCfg = Debug|Win32
		{BCD7B263-5AB6-32CE-BC5E-5FAF43475CEB}.Release|Win32.ActiveCfg = Release|Win32
		{BCD7B263-5AB6-32CE-BC5E-5FAF43475CEB}.MinSizeRel|Win32.ActiveCfg = MinSizeRel|Win32
		{BCD7B263-5AB6-32CE-BC5E-5FAF43475CEB}.RelWithDebInfo|Win32.ActiveCfg = RelWithDebInfo|Win32
		{4566AF47-5EE2-361E-9AC5-C3A069E781CF}.Debug|Win32.ActiveCfg = Debug|Win32
		{4566AF47-5EE2-361E-9AC5-C3A069E781CF}.Debug|Win32.Build.0 = Debug|Win32
		{4566AF47-5EE2-361E-9AC5-C3A069E781CF}.Release|Win32.ActiveCfg = Release|Win32
		{4566AF47-5EE2-361E-9AC5-C3A069E781CF}.Release|Win32.Build.0 = Release|Win32
		{4566AF47-5EE2-361E-9AC5-C3A069E781CF}.MinSizeRel|Win32.ActiveCfg = MinSizeRel|Win32
		{4566AF47-5EE2-361E-9AC5-C3A069E781CF}.MinSizeRel|Win32.Build.0 = MinSizeRel|Win32
		{4566AF47-5EE2-361E-9AC5-C3A069E781CF}.RelWithDebInfo|Win32.ActiveCfg = RelWithDebInfo|Win32
		{4566AF47-5EE2-361E-9AC5-C3A069E781CF}.RelWithDebInfo|Win32.Build.0 = RelWithDebInfo|Win32
		{D76A335C-2CDC-3871-9A78-E9D8D7BF5FEB}.Debug|Win32.ActiveCfg = Debug|Win32
		{D76A335C-2CDC-3871-9A78-E9D8D7BF5FEB}.Debug|Win32.Build.0 = Debug|Win32
		{D76A335C-2CDC-3871-9A78-E9D8D7BF5FEB}.Release|Win32.ActiveCfg = Release|Win32
		{D76A335C-2CDC-3871-9A78-E9D8D7BF5FEB}.Release|Win32.Build.0 = Release|Win32
		{D76A335C-2CDC-3871-9A78-E9D8D7BF5FEB}.MinSizeRel|Win32.ActiveCfg = MinSizeRel|Win32
		{D76A335C-2CDC-3871-9A78-E9D8D7BF5FEB}.MinSizeRel|Win32.Build.0 = MinSizeRel|Win32
		{D76A335C-2CDC-3871-9A78-E9D8D7BF5FEB}.RelWithDebInfo|Win32.ActiveCfg = RelWithDebInfo|Win32
		{D76A335C-2CDC-3871-9A78-E9D8D7BF5FEB}.RelWithDebInfo|Win32.Build.0 = RelWithDebInfo|Win32
		{5695D7D5-DFFB-35A4-A5CA-9447271F320F}.Debug|Win32.ActiveCfg = Debug|Win32
		{5695D7D5-DFFB-35A4-A5CA-9447271F320F}.Debug|Win32.Build.0 = Debug|Win32
		{5695D7D5-DFFB-35A4-A5CA-9447271F320F}.Release|Win32.ActiveCfg = Release|Win32
		{5695D7D5-DFFB-35A4-A5CA-9447271F320F}.Release|Win32.Build.0 = Release|Win32
		{5695D7D5-DFFB-35A4-A5CA-9447271F320F}.MinSizeRel|Win32.ActiveCfg = MinSizeRel|Win32
		{5695D7D5-DFFB-35A4-A5CA-9447271F320F}.MinSizeRel|Win32.Build.0 = MinSizeRel|Win32
		{5695D7D5-DFFB-35A4-A5CA-9447271F320F}.RelWithDebInfo|Win32.ActiveCfg = RelWithDebInfo|Win32
		{5695D7D5-DFFB-35A4-A5CA-9447271F320F}.RelWithDebInfo|Win32.Build.0 = RelWithDebInfo|Win32
		{B50E1CD9-69BF-376A-87B7-8D49A4AF189F}.Debug|Win32.ActiveCfg = Debug|Win32
		{B50E1CD9-69BF-376A-87B7-8D49A4AF189F}.Debug|Win32.Build.0 = Debug|Win32
		{B50E1CD9-69BF-376A-87B7-8D49A4AF189F}.Release|Win32.ActiveCfg = Release|Win32
		{B50E1CD9-69BF-376A-87B7-8D49A4AF189F}.Release|Win32.Build.0 = Release|Win32
		{B50E1CD9-69BF-376A-87B7-8D49A4AF189F}.MinSizeRel|Win32.ActiveCfg = MinSizeRel|Win32
		{B50E1CD9-69BF-376A-87B7-8D49A4AF189F}.MinSizeRel|Win32.Build.0 = MinSizeRel|Win32
		{B50E1CD9-69BF-376A-87B7-8D49A4AF189F}.RelWithDebInfo|Win32.ActiveCfg = RelWithDebInfo|Win32
		{B50E1CD9-69BF-376A-87B7-8D49A4AF189F}.RelWithDebInfo|Win32.Build.0 = RelWithDebInfo|Win32
		{45685668-0AB6-31EC-A0FE-06A2171AD271}.Debug|Win32.ActiveCfg = Debug|Win32
		{45685668-0AB6-31EC-A0FE-06A2171AD271}.Debug|Win32.Build.0 = Debug|Win32
		{45685668-0AB6-31EC-A0FE-06A2171AD271}.Release|Win32.ActiveCfg = Release|Win32
		{45685668-0AB6-31EC-A0FE-06A2171AD271}.Release|Win32.Build.0 = Release|Win32
		{45685668-0AB6-31EC-A0FE-06A2171AD271}.MinSizeRel|Win32.ActiveCfg = MinSizeRel|Win32
		{45685668-0AB6-31EC-A0FE-06A2171AD271}.MinSizeRel|Win32.Build.0 = MinSizeRel|Win32
		{45685668-0AB6-31EC-A0FE-06A2171AD271}.RelWithDebInfo|Win32.ActiveCfg = RelWithDebInfo|Win32
		{45685668-0AB6-31EC-A0FE-06A2171AD271}.RelWithDebInfo|Win32.Build.0 = RelWithDebInfo|Win32
		{EA381517-303E-3803-8CE5-D1FDC6F4FEF7}.Debug|Win32.ActiveCfg = Debug|Win32
		{EA381517-303E-3803-8CE5-D1FDC6F4FEF7}.Debug|Win32.Build.0 = Debug|Win32
		{EA381517-303E-3803-8CE5-D1FDC6F4FEF7}.Release|Win32.ActiveCfg = Release|Win32
		{EA381517-303E-3803-8CE5-D1FDC6F4FEF7}.Release|Win32.Build.0 = Release|Win32
		{EA381517-303E-3803-8CE5-D1FDC6F4FEF7}.MinSizeRel|Win32.ActiveCfg = MinSizeRel|Win32
		{EA381517-303E-3803-8CE5-D1FDC6F4FEF7}.MinSizeRel|Win32.Build.0 = MinSizeRel|Win32
		{EA381517-303E-3803-8CE5-D1FDC6F4FEF7}.RelWithDebInfo|Win32.ActiveCfg = RelWithDebInfo|Win32
		{EA381517-303E-3803-8CE5-D1FDC6F4FEF7}.RelWithDebInfo|Win32.Build.0 = RelWithDebInfo|Win32
		{924B5AEA-8A05-3DEC-8FB2-793F36DDAE45}.Debug|Win32.ActiveCfg = Debug|Win32
		{924B5AEA-8A05-3DEC-8FB2-793F36DDAE45}.Debug|Win32.Build.0 = Debug|Win32
		{924B5AEA-8A05-3DEC-8FB2-793F36DDAE45}.Release|Win32.ActiveCfg = Release|Win32
		{924B5AEA-8A05-3DEC-8FB2-793F36DDAE45}.Release|Win32.Build.0 = Release|Win32
		{924B5AEA-8A05-3DEC-8FB2-793F36DDAE45}.MinSizeRel|Win32.ActiveCfg = MinSizeRel|Win32
		{924B5AEA-8A05-3DEC-8FB2-793F36DDAE45}.MinSizeRel|Win32.Build.0 = MinSizeRel|Win32
		{924B5AEA-8A05-3DEC-8FB2-793F36DDAE45}.RelWithDebInfo|Win32.ActiveCfg = RelWithDebInfo|Win32
		{924B5AEA-8A05-3DEC-8FB2-793F36DDAE45}.RelWithDebInfo|Win32.Build.0 = RelWithDebInfo|Win32
		{4144662F-9976-33AF-A777-3DBD286B1E2E}.Debug|Win32.ActiveCfg = Debug|Win32
		{4144662F-9976-33AF-A777-3DBD286B1E2E}.Debug|Win32.Build.0 = Debug|Win32
		{4144662F-9976-33AF-A777-3DBD286B1E2E}.Release|Win32.ActiveCfg = Release|Win32
		{4144662F-9976-33AF-A777-3DBD286B1E2E}.Release|Win32.Build.0 = Release|Win32
		{4144662F-9976-33AF-A777-3DBD286B1E2E}.MinSizeRel|Win32.ActiveCfg = MinSizeRel|Win32
		{4144662F-9976-33AF-A777-3DBD286B1E2E}.MinSizeRel|Win32.Build.0 = MinSizeRel|Win32
		{4144662F-9976-33AF-A777-3DBD286B1E2E}.RelWithDebInfo|Win32.ActiveCfg = RelWithDebInfo|Win32
		{4144662F-9976-33AF-A777-3DBD286B1E2E}.RelWithDebInfo|Win32.Build.0 = RelWithDebInfo|Win32
		{BD12B4C1-EDB3-34F1-9FDD-E441FD51DE71}.Debug|Win32.ActiveCfg = Debug|Win32
		{BD12B4C1-EDB3-34F1-9FDD-E441FD51DE71}.Debug|Win32.Build.0 = Debug|Win32
		{BD12B4C1-EDB3-34F1-9FDD-E441FD51DE71}.Release|Win32.ActiveCfg = Release|Win32
		{BD12B4C1-EDB3-34F1-9FDD-E441FD51DE71}.Release|Win32.Build.0 = Release|Win32
		{BD12B4C1-EDB3-34F1-9FDD-E441FD51DE71}.MinSizeRel|Win32.ActiveCfg = MinSizeRel|Win32
		{BD12B4C1-EDB3-34F1-9FDD-E441FD51DE71}.MinSizeRel|Win32.Build.0 = MinSizeRel|Win32
		{BD12B4C1-EDB3-34F1-9FDD-E441FD51DE71}.RelWithDebInfo|Win32.ActiveCfg = RelWithDebInfo|Win32
		{BD12B4C1-EDB3-34F1-9FDD-E441FD51DE71}.RelWithDebInfo|Win32.Build.0 = RelWithDebInfo|Win32
		{7BB8FB68-5815-30FE-AB5F-E39B9C77DA1F}.Debug|Win32.ActiveCfg = Debug|Win32
		{7BB8FB68-5815-30FE-AB5F-E39B9C77DA1F}.Debug|Win32.Build.0 = Debug|Win32
		{7BB8FB68-5815-30FE-AB5F-E39B9C77DA1F}.Release|Win32.ActiveCfg = Release|Win32
		{7BB8FB68-5815-30FE-AB5F-E39B9C77DA1F}.Release|Win32.Build.0 = Release|Win32
		{7BB8FB68-5815-30FE-AB5F-E39B9C77DA1F}.MinSizeRel|Win32.ActiveCfg = MinSizeRel|Win32
		{7BB8FB68-5815-30FE-AB5F-E39B9C77DA1F}.MinSizeRel|Win32.Build.0 = MinSizeRel|Win32
		{7BB8FB68-5815-30FE-AB5F-E39B9C77DA1F}.RelWithDebInfo|Win32.ActiveCfg = RelWithDebInfo|Win32
		{7BB8FB68-5815-30FE-AB5F-E39B9C77DA1F}.RelWithDebInfo|Win32.Build.0 = RelWithDebInfo|Win32
	EndGlobalSection
	GlobalSection(ExtensibilityGlobals) = postSolution
	EndGlobalSection
	GlobalSection(ExtensibilityAddIns) = postSolution
	EndGlobalSection
EndGlobal
